
Microsoft Visual Studio Solution File, Format Version 12.00
# Visual Studio Version 17
VisualStudioVersion = 17.5.002.0
MinimumVisualStudioVersion = 10.0.40219.1
Project("{9A19103F-16F7-4668-BE54-9A1E7A4F7556}") = "DesafioHospedagem", "DesafioHospedagem.csproj", "{4EFD776F-4DF5-4C5E-8CA4-C79C70DD79DD}"
EndProject
Global
	GlobalSection(SolutionConfigurationPlatforms) = preSolution
		Debug|Any CPU = Debug|Any CPU
		Release|Any CPU = Release|Any CPU
	EndGlobalSection
	GlobalSection(ProjectConfigurationPlatforms) = postSolution
		{4EFD776F-4DF5-4C5E-8CA4-C79C70DD79DD}.Debug|Any CPU.ActiveCfg = Debug|Any CPU
		{4EFD776F-4DF5-4C5E-8CA4-C79C70DD79DD}.Debug|Any CPU.Build.0 = Debug|Any CPU
		{4EFD776F-4DF5-4C5E-8CA4-C79C70DD79DD}.Release|Any CPU.ActiveCfg = Release|Any CPU
		{4EFD776F-4DF5-4C5E-8CA4-C79C70DD79DD}.Release|Any CPU.Build.0 = Release|Any CPU
	EndGlobalSection
	GlobalSection(SolutionProperties) = preSolution
		HideSolutionNode = FALSE
	EndGlobalSection
	GlobalSection(ExtensibilityGlobals) = postSolution
		SolutionGuid = {322CA893-088C-4AF1-80D8-0AE7AC5CF344}
	EndGlobalSection
EndGlobal
